
Microsoft Visual Studio Solution File, Format Version 12.00
# Visual Studio 15
VisualStudioVersion = 15.0.27703.2042
MinimumVisualStudioVersion = 10.0.40219.1
Project("{2150E333-8FDC-42A3-9474-1A3956D46DE8}") = "01. Core", "01. Core", "{49BEB210-4D69-40C5-AD62-EF2055037BCA}"
EndProject
Project("{2150E333-8FDC-42A3-9474-1A3956D46DE8}") = "02. Infrastructure", "02. Infrastructure", "{6E08D741-33B4-4014-BA07-F18F813FD0EB}"
EndProject
Project("{2150E333-8FDC-42A3-9474-1A3956D46DE8}") = "03. API", "03. API", "{2F108890-CA98-4E4F-8916-C646E5604549}"
EndProject
Project("{9A19103F-16F7-4668-BE54-9A1E7A4F7556}") = "VOLKSWAGEN.Core", "VOLKSWAGEN.Core\VOLKSWAGEN.Core.csproj", "{FA71C466-96A6-469F-9EAC-351764EA1CF6}"
EndProject
Project("{9A19103F-16F7-4668-BE54-9A1E7A4F7556}") = "VOLKSWAGEN.Infrastructure", "VOLKSWAGEN.Infrastructure\VOLKSWAGEN.Infrastructure.csproj", "{C8C03C1F-DFD8-40F4-B63B-E7BA4A0B8859}"
EndProject
Project("{9A19103F-16F7-4668-BE54-9A1E7A4F7556}") = "VOLKSWAGEN.API", "VOLKSWAGEN.API\VOLKSWAGEN.API.csproj", "{96AD6535-70C9-40D2-9745-6FA139F19AF6}"
EndProject
Project("{9A19103F-16F7-4668-BE54-9A1E7A4F7556}") = "VOLKSWAGEN.Infrastructure.DependencyResolution", "VOLKSWAGEN.Infrastructure.DependencyResolution\VOLKSWAGEN.Infrastructure.DependencyResolution.csproj", "{D7F3E385-4CBA-4AB3-A449-0E068DBB30A4}"
EndProject
Global
	GlobalSection(SolutionConfigurationPlatforms) = preSolution
		Debug|Any CPU = Debug|Any CPU
		Release|Any CPU = Release|Any CPU
	EndGlobalSection
	GlobalSection(ProjectConfigurationPlatforms) = postSolution
		{FA71C466-96A6-469F-9EAC-351764EA1CF6}.Debug|Any CPU.ActiveCfg = Debug|Any CPU
		{FA71C466-96A6-469F-9EAC-351764EA1CF6}.Debug|Any CPU.Build.0 = Debug|Any CPU
		{FA71C466-96A6-469F-9EAC-351764EA1CF6}.Release|Any CPU.ActiveCfg = Release|Any CPU
		{FA71C466-96A6-469F-9EAC-351764EA1CF6}.Release|Any CPU.Build.0 = Release|Any CPU
		{C8C03C1F-DFD8-40F4-B63B-E7BA4A0B8859}.Debug|Any CPU.ActiveCfg = Debug|Any CPU
		{C8C03C1F-DFD8-40F4-B63B-E7BA4A0B8859}.Debug|Any CPU.Build.0 = Debug|Any CPU
		{C8C03C1F-DFD8-40F4-B63B-E7BA4A0B8859}.Release|Any CPU.ActiveCfg = Release|Any CPU
		{C8C03C1F-DFD8-40F4-B63B-E7BA4A0B8859}.Release|Any CPU.Build.0 = Release|Any CPU
		{96AD6535-70C9-40D2-9745-6FA139F19AF6}.Debug|Any CPU.ActiveCfg = Debug|Any CPU
		{96AD6535-70C9-40D2-9745-6FA139F19AF6}.Debug|Any CPU.Build.0 = Debug|Any CPU
		{96AD6535-70C9-40D2-9745-6FA139F19AF6}.Release|Any CPU.ActiveCfg = Release|Any CPU
		{96AD6535-70C9-40D2-9745-6FA139F19AF6}.Release|Any CPU.Build.0 = Release|Any CPU
		{D7F3E385-4CBA-4AB3-A449-0E068DBB30A4}.Debug|Any CPU.ActiveCfg = Debug|Any CPU
		{D7F3E385-4CBA-4AB3-A449-0E068DBB30A4}.Debug|Any CPU.Build.0 = Debug|Any CPU
		{D7F3E385-4CBA-4AB3-A449-0E068DBB30A4}.Release|Any CPU.ActiveCfg = Release|Any CPU
		{D7F3E385-4CBA-4AB3-A449-0E068DBB30A4}.Release|Any CPU.Build.0 = Release|Any CPU
	EndGlobalSection
	GlobalSection(SolutionProperties) = preSolution
		HideSolutionNode = FALSE
	EndGlobalSection
	GlobalSection(NestedProjects) = preSolution
		{FA71C466-96A6-469F-9EAC-351764EA1CF6} = {49BEB210-4D69-40C5-AD62-EF2055037BCA}
		{C8C03C1F-DFD8-40F4-B63B-E7BA4A0B8859} = {6E08D741-33B4-4014-BA07-F18F813FD0EB}
		{96AD6535-70C9-40D2-9745-6FA139F19AF6} = {2F108890-CA98-4E4F-8916-C646E5604549}
		{D7F3E385-4CBA-4AB3-A449-0E068DBB30A4} = {6E08D741-33B4-4014-BA07-F18F813FD0EB}
	EndGlobalSection
	GlobalSection(ExtensibilityGlobals) = postSolution
		SolutionGuid = {B5BC377E-4E94-4CCB-996D-404E3A3BE36C}
	EndGlobalSection
EndGlobal
